
Microsoft Visual Studio Solution File, Format Version 12.00
# Visual Studio 15
VisualStudioVersion = 15.0.26124.0
MinimumVisualStudioVersion = 15.0.26124.0
Project("{FAE04EC0-301F-11D3-BF4B-00C04F79EFBC}") = "API", "API\API.csproj", "{CEB135F0-BC1A-45F9-BE96-0DB1605A9CCE}"
EndProject
Project("{FAE04EC0-301F-11D3-BF4B-00C04F79EFBC}") = "Core", "Core\Core.csproj", "{42C3A81A-7E24-4A28-A29D-676E45837CD1}"
EndProject
Project("{FAE04EC0-301F-11D3-BF4B-00C04F79EFBC}") = "Infrastructure", "Infrastructure\Infrastructure.csproj", "{3830BF27-4B8E-4776-AD6C-AAF449778E47}"
EndProject
Global
	GlobalSection(SolutionConfigurationPlatforms) = preSolution
		Debug|Any CPU = Debug|Any CPU
		Debug|x64 = Debug|x64
		Debug|x86 = Debug|x86
		Release|Any CPU = Release|Any CPU
		Release|x64 = Release|x64
		Release|x86 = Release|x86
	EndGlobalSection
	GlobalSection(SolutionProperties) = preSolution
		HideSolutionNode = FALSE
	EndGlobalSection
	GlobalSection(ProjectConfigurationPlatforms) = postSolution
		{CEB135F0-BC1A-45F9-BE96-0DB1605A9CCE}.Debug|Any CPU.ActiveCfg = Debug|Any CPU
		{CEB135F0-BC1A-45F9-BE96-0DB1605A9CCE}.Debug|Any CPU.Build.0 = Debug|Any CPU
		{CEB135F0-BC1A-45F9-BE96-0DB1605A9CCE}.Debug|x64.ActiveCfg = Debug|Any CPU
		{CEB135F0-BC1A-45F9-BE96-0DB1605A9CCE}.Debug|x64.Build.0 = Debug|Any CPU
		{CEB135F0-BC1A-45F9-BE96-0DB1605A9CCE}.Debug|x86.ActiveCfg = Debug|Any CPU
		{CEB135F0-BC1A-45F9-BE96-0DB1605A9CCE}.Debug|x86.Build.0 = Debug|Any CPU
		{CEB135F0-BC1A-45F9-BE96-0DB1605A9CCE}.Release|Any CPU.ActiveCfg = Release|Any CPU
		{CEB135F0-BC1A-45F9-BE96-0DB1605A9CCE}.Release|Any CPU.Build.0 = Release|Any CPU
		{CEB135F0-BC1A-45F9-BE96-0DB1605A9CCE}.Release|x64.ActiveCfg = Release|Any CPU
		{CEB135F0-BC1A-45F9-BE96-0DB1605A9CCE}.Release|x64.Build.0 = Release|Any CPU
		{CEB135F0-BC1A-45F9-BE96-0DB1605A9CCE}.Release|x86.ActiveCfg = Release|Any CPU
		{CEB135F0-BC1A-45F9-BE96-0DB1605A9CCE}.Release|x86.Build.0 = Release|Any CPU
		{42C3A81A-7E24-4A28-A29D-676E45837CD1}.Debug|Any CPU.ActiveCfg = Debug|Any CPU
		{42C3A81A-7E24-4A28-A29D-676E45837CD1}.Debug|Any CPU.Build.0 = Debug|Any CPU
		{42C3A81A-7E24-4A28-A29D-676E45837CD1}.Debug|x64.ActiveCfg = Debug|Any CPU
		{42C3A81A-7E24-4A28-A29D-676E45837CD1}.Debug|x64.Build.0 = Debug|Any CPU
		{42C3A81A-7E24-4A28-A29D-676E45837CD1}.Debug|x86.ActiveCfg = Debug|Any CPU
		{42C3A81A-7E24-4A28-A29D-676E45837CD1}.Debug|x86.Build.0 = Debug|Any CPU
		{42C3A81A-7E24-4A28-A29D-676E45837CD1}.Release|Any CPU.ActiveCfg = Release|Any CPU
		{42C3A81A-7E24-4A28-A29D-676E45837CD1}.Release|Any CPU.Build.0 = Release|Any CPU
		{42C3A81A-7E24-4A28-A29D-676E45837CD1}.Release|x64.ActiveCfg = Release|Any CPU
		{42C3A81A-7E24-4A28-A29D-676E45837CD1}.Release|x64.Build.0 = Release|Any CPU
		{42C3A81A-7E24-4A28-A29D-676E45837CD1}.Release|x86.ActiveCfg = Release|Any CPU
		{42C3A81A-7E24-4A28-A29D-676E45837CD1}.Release|x86.Build.0 = Release|Any CPU
		{3830BF27-4B8E-4776-AD6C-AAF449778E47}.Debug|Any CPU.ActiveCfg = Debug|Any CPU
		{3830BF27-4B8E-4776-AD6C-AAF449778E47}.Debug|Any CPU.Build.0 = Debug|Any CPU
		{3830BF27-4B8E-4776-AD6C-AAF449778E47}.Debug|x64.ActiveCfg = Debug|Any CPU
		{3830BF27-4B8E-4776-AD6C-AAF449778E47}.Debug|x64.Build.0 = Debug|Any CPU
		{3830BF27-4B8E-4776-AD6C-AAF449778E47}.Debug|x86.ActiveCfg = Debug|Any CPU
		{3830BF27-4B8E-4776-AD6C-AAF449778E47}.Debug|x86.Build.0 = Debug|Any CPU
		{3830BF27-4B8E-4776-AD6C-AAF449778E47}.Release|Any CPU.ActiveCfg = Release|Any CPU
		{3830BF27-4B8E-4776-AD6C-AAF449778E47}.Release|Any CPU.Build.0 = Release|Any CPU
		{3830BF27-4B8E-4776-AD6C-AAF449778E47}.Release|x64.ActiveCfg = Release|Any CPU
		{3830BF27-4B8E-4776-AD6C-AAF449778E47}.Release|x64.Build.0 = Release|Any CPU
		{3830BF27-4B8E-4776-AD6C-AAF449778E47}.Release|x86.ActiveCfg = Release|Any CPU
		{3830BF27-4B8E-4776-AD6C-AAF449778E47}.Release|x86.Build.0 = Release|Any CPU
	EndGlobalSection
EndGlobal
